
Microsoft Visual Studio Solution File, Format Version 12.00
# Visual Studio Version 16
VisualStudioVersion = 16.0.31229.75
MinimumVisualStudioVersion = 10.0.40219.1
Project("{FAE04EC0-301F-11D3-BF4B-00C04F79EFBC}") = "AureliaPracticeAPI", "AureliaPracticeAPI\AureliaPracticeAPI.csproj", "{A2A73799-EF81-4131-AE04-2803F861BC99}"
EndProject
Global
	GlobalSection(SolutionConfigurationPlatforms) = preSolution
		Debug|Any CPU = Debug|Any CPU
		Release|Any CPU = Release|Any CPU
	EndGlobalSection
	GlobalSection(ProjectConfigurationPlatforms) = postSolution
		{A2A73799-EF81-4131-AE04-2803F861BC99}.Debug|Any CPU.ActiveCfg = Debug|Any CPU
		{A2A73799-EF81-4131-AE04-2803F861BC99}.Debug|Any CPU.Build.0 = Debug|Any CPU
		{A2A73799-EF81-4131-AE04-2803F861BC99}.Release|Any CPU.ActiveCfg = Release|Any CPU
		{A2A73799-EF81-4131-AE04-2803F861BC99}.Release|Any CPU.Build.0 = Release|Any CPU
	EndGlobalSection
	GlobalSection(SolutionProperties) = preSolution
		HideSolutionNode = FALSE
	EndGlobalSection
	GlobalSection(ExtensibilityGlobals) = postSolution
		SolutionGuid = {147833FB-4961-4258-99DA-F25AA2F4A06E}
	EndGlobalSection
EndGlobal
